
Microsoft Visual Studio Solution File, Format Version 12.00
# Visual Studio Version 16
VisualStudioVersion = 16.0.31105.61
MinimumVisualStudioVersion = 10.0.40219.1
Project("{FAE04EC0-301F-11D3-BF4B-00C04F79EFBC}") = "1745PersonalPage", "1745PersonalPage\1745PersonalPage.csproj", "{C1AEDEC4-3D8B-45DA-BDBF-B8AA8856A993}"
EndProject
Global
	GlobalSection(SolutionConfigurationPlatforms) = preSolution
		Debug|Any CPU = Debug|Any CPU
		Release|Any CPU = Release|Any CPU
	EndGlobalSection
	GlobalSection(ProjectConfigurationPlatforms) = postSolution
		{C1AEDEC4-3D8B-45DA-BDBF-B8AA8856A993}.Debug|Any CPU.ActiveCfg = Debug|Any CPU
		{C1AEDEC4-3D8B-45DA-BDBF-B8AA8856A993}.Release|Any CPU.ActiveCfg = Release|Any CPU
		{C1AEDEC4-3D8B-45DA-BDBF-B8AA8856A993}.Release|Any CPU.Build.0 = Release|Any CPU
	EndGlobalSection
	GlobalSection(SolutionProperties) = preSolution
		HideSolutionNode = FALSE
	EndGlobalSection
	GlobalSection(ExtensibilityGlobals) = postSolution
		SolutionGuid = {5D067895-87A9-4BC2-8F04-322ABE2FCB3F}
	EndGlobalSection
EndGlobal
